
Microsoft Visual Studio Solution File, Format Version 12.00
# Visual Studio 2013
VisualStudioVersion = 12.0.40629.0
MinimumVisualStudioVersion = 10.0.40219.1
Project("{2150E333-8FDC-42A3-9474-1A3956D46DE8}") = "Neonlis_2", "Neonlis_2", "{A2FEBF28-8D8F-42F3-A485-C507CD020EA8}"
EndProject
Project("{D954291E-2A0B-460D-934E-DC6B0785DB48}") = "Neonlis_2.Shared", "Neonlis_2\Neonlis_2.Shared\Neonlis_2.Shared.shproj", "{36135380-5D16-497B-B86F-1B4230E510C7}"
EndProject
Project("{FAE04EC0-301F-11D3-BF4B-00C04F79EFBC}") = "Neonlis_2.Windows", "Neonlis_2\Neonlis_2.Windows\Neonlis_2.Windows.csproj", "{F24B94FD-1D9F-498B-BCE6-EAC434D8895D}"
EndProject
Project("{FAE04EC0-301F-11D3-BF4B-00C04F79EFBC}") = "Neonlis_2.WindowsPhone", "Neonlis_2\Neonlis_2.WindowsPhone\Neonlis_2.WindowsPhone.csproj", "{F9114919-4C3E-4CD1-A8FB-4351ABC28316}"
EndProject
Global
	GlobalSection(SharedMSBuildProjectFiles) = preSolution
		Neonlis_2\Neonlis_2.Shared\Shared.Application.Shared.projitems*{f9114919-4c3e-4cd1-a8fb-4351abc28316}*SharedItemsImports = 4
		Neonlis_2\Neonlis_2.Shared\Shared.Application.Shared.projitems*{f24b94fd-1d9f-498b-bce6-eac434d8895d}*SharedItemsImports = 4
		Neonlis_2\Neonlis_2.Shared\Shared.Application.Shared.projitems*{36135380-5d16-497b-b86f-1b4230e510c7}*SharedItemsImports = 13
	EndGlobalSection
	GlobalSection(SolutionConfigurationPlatforms) = preSolution
		Debug|Any CPU = Debug|Any CPU
		Debug|ARM = Debug|ARM
		Debug|x64 = Debug|x64
		Debug|x86 = Debug|x86
		Release|Any CPU = Release|Any CPU
		Release|ARM = Release|ARM
		Release|x64 = Release|x64
		Release|x86 = Release|x86
	EndGlobalSection
	GlobalSection(ProjectConfigurationPlatforms) = postSolution
		{F24B94FD-1D9F-498B-BCE6-EAC434D8895D}.Debug|Any CPU.ActiveCfg = Debug|Any CPU
		{F24B94FD-1D9F-498B-BCE6-EAC434D8895D}.Debug|Any CPU.Build.0 = Debug|Any CPU
		{F24B94FD-1D9F-498B-BCE6-EAC434D8895D}.Debug|Any CPU.Deploy.0 = Debug|Any CPU
		{F24B94FD-1D9F-498B-BCE6-EAC434D8895D}.Debug|ARM.ActiveCfg = Debug|ARM
		{F24B94FD-1D9F-498B-BCE6-EAC434D8895D}.Debug|ARM.Build.0 = Debug|ARM
		{F24B94FD-1D9F-498B-BCE6-EAC434D8895D}.Debug|ARM.Deploy.0 = Debug|ARM
		{F24B94FD-1D9F-498B-BCE6-EAC434D8895D}.Debug|x64.ActiveCfg = Debug|x64
		{F24B94FD-1D9F-498B-BCE6-EAC434D8895D}.Debug|x64.Build.0 = Debug|x64
		{F24B94FD-1D9F-498B-BCE6-EAC434D8895D}.Debug|x64.Deploy.0 = Debug|x64
		{F24B94FD-1D9F-498B-BCE6-EAC434D8895D}.Debug|x86.ActiveCfg = Debug|x86
		{F24B94FD-1D9F-498B-BCE6-EAC434D8895D}.Debug|x86.Build.0 = Debug|x86
		{F24B94FD-1D9F-498B-BCE6-EAC434D8895D}.Debug|x86.Deploy.0 = Debug|x86
		{F24B94FD-1D9F-498B-BCE6-EAC434D8895D}.Release|Any CPU.ActiveCfg = Release|Any CPU
		{F24B94FD-1D9F-498B-BCE6-EAC434D8895D}.Release|Any CPU.Build.0 = Release|Any CPU
		{F24B94FD-1D9F-498B-BCE6-EAC434D8895D}.Release|Any CPU.Deploy.0 = Release|Any CPU
		{F24B94FD-1D9F-498B-BCE6-EAC434D8895D}.Release|ARM.ActiveCfg = Release|ARM
		{F24B94FD-1D9F-498B-BCE6-EAC434D8895D}.Release|ARM.Build.0 = Release|ARM
		{F24B94FD-1D9F-498B-BCE6-EAC434D8895D}.Release|ARM.Deploy.0 = Release|ARM
		{F24B94FD-1D9F-498B-BCE6-EAC434D8895D}.Release|x64.ActiveCfg = Release|x64
		{F24B94FD-1D9F-498B-BCE6-EAC434D8895D}.Release|x64.Build.0 = Release|x64
		{F24B94FD-1D9F-498B-BCE6-EAC434D8895D}.Release|x64.Deploy.0 = Release|x64
		{F24B94FD-1D9F-498B-BCE6-EAC434D8895D}.Release|x86.ActiveCfg = Release|x86
		{F24B94FD-1D9F-498B-BCE6-EAC434D8895D}.Release|x86.Build.0 = Release|x86
		{F24B94FD-1D9F-498B-BCE6-EAC434D8895D}.Release|x86.Deploy.0 = Release|x86
		{F9114919-4C3E-4CD1-A8FB-4351ABC28316}.Debug|Any CPU.ActiveCfg = Debug|Any CPU
		{F9114919-4C3E-4CD1-A8FB-4351ABC28316}.Debug|Any CPU.Build.0 = Debug|Any CPU
		{F9114919-4C3E-4CD1-A8FB-4351ABC28316}.Debug|Any CPU.Deploy.0 = Debug|Any CPU
		{F9114919-4C3E-4CD1-A8FB-4351ABC28316}.Debug|ARM.ActiveCfg = Debug|ARM
		{F9114919-4C3E-4CD1-A8FB-4351ABC28316}.Debug|ARM.Build.0 = Debug|ARM
		{F9114919-4C3E-4CD1-A8FB-4351ABC28316}.Debug|ARM.Deploy.0 = Debug|ARM
		{F9114919-4C3E-4CD1-A8FB-4351ABC28316}.Debug|x64.ActiveCfg = Debug|Any CPU
		{F9114919-4C3E-4CD1-A8FB-4351ABC28316}.Debug|x86.ActiveCfg = Debug|x86
		{F9114919-4C3E-4CD1-A8FB-4351ABC28316}.Debug|x86.Build.0 = Debug|x86
		{F9114919-4C3E-4CD1-A8FB-4351ABC28316}.Debug|x86.Deploy.0 = Debug|x86
		{F9114919-4C3E-4CD1-A8FB-4351ABC28316}.Release|Any CPU.ActiveCfg = Release|Any CPU
		{F9114919-4C3E-4CD1-A8FB-4351ABC28316}.Release|Any CPU.Build.0 = Release|Any CPU
		{F9114919-4C3E-4CD1-A8FB-4351ABC28316}.Release|Any CPU.Deploy.0 = Release|Any CPU
		{F9114919-4C3E-4CD1-A8FB-4351ABC28316}.Release|ARM.ActiveCfg = Release|ARM
		{F9114919-4C3E-4CD1-A8FB-4351ABC28316}.Release|ARM.Build.0 = Release|ARM
		{F9114919-4C3E-4CD1-A8FB-4351ABC28316}.Release|ARM.Deploy.0 = Release|ARM
		{F9114919-4C3E-4CD1-A8FB-4351ABC28316}.Release|x64.ActiveCfg = Release|Any CPU
		{F9114919-4C3E-4CD1-A8FB-4351ABC28316}.Release|x86.ActiveCfg = Release|x86
		{F9114919-4C3E-4CD1-A8FB-4351ABC28316}.Release|x86.Build.0 = Release|x86
		{F9114919-4C3E-4CD1-A8FB-4351ABC28316}.Release|x86.Deploy.0 = Release|x86
	EndGlobalSection
	GlobalSection(SolutionProperties) = preSolution
		HideSolutionNode = FALSE
	EndGlobalSection
	GlobalSection(NestedProjects) = preSolution
		{36135380-5D16-497B-B86F-1B4230E510C7} = {A2FEBF28-8D8F-42F3-A485-C507CD020EA8}
		{F24B94FD-1D9F-498B-BCE6-EAC434D8895D} = {A2FEBF28-8D8F-42F3-A485-C507CD020EA8}
		{F9114919-4C3E-4CD1-A8FB-4351ABC28316} = {A2FEBF28-8D8F-42F3-A485-C507CD020EA8}
	EndGlobalSection
EndGlobal
